
Microsoft Visual Studio Solution File, Format Version 12.00
# Visual Studio Version 17
VisualStudioVersion = 17.3.32825.248
MinimumVisualStudioVersion = 10.0.40219.1
Project("{FAE04EC0-301F-11D3-BF4B-00C04F79EFBC}") = "FileSystemAbstraction", "FileSystemAbstraction\FileSystemAbstraction.csproj", "{9C5339DA-43A1-49DB-8C9B-CD364CC76B41}"
EndProject
Global
	GlobalSection(SolutionConfigurationPlatforms) = preSolution
		Debug|Any CPU = Debug|Any CPU
		Release|Any CPU = Release|Any CPU
	EndGlobalSection
	GlobalSection(ProjectConfigurationPlatforms) = postSolution
		{9C5339DA-43A1-49DB-8C9B-CD364CC76B41}.Debug|Any CPU.ActiveCfg = Debug|Any CPU
		{9C5339DA-43A1-49DB-8C9B-CD364CC76B41}.Debug|Any CPU.Build.0 = Debug|Any CPU
		{9C5339DA-43A1-49DB-8C9B-CD364CC76B41}.Release|Any CPU.ActiveCfg = Release|Any CPU
		{9C5339DA-43A1-49DB-8C9B-CD364CC76B41}.Release|Any CPU.Build.0 = Release|Any CPU
	EndGlobalSection
	GlobalSection(SolutionProperties) = preSolution
		HideSolutionNode = FALSE
	EndGlobalSection
	GlobalSection(ExtensibilityGlobals) = postSolution
		SolutionGuid = {E3612C61-F900-4F51-94A5-1794EA17A3FF}
	EndGlobalSection
EndGlobal
